
Microsoft Visual Studio Solution File, Format Version 12.00
# Visual Studio Version 17
VisualStudioVersion = 17.14.36429.23 d17.14
MinimumVisualStudioVersion = 10.0.40219.1
Project("{FAE04EC0-301F-11D3-BF4B-00C04F79EFBC}") = "WindowsFormsApp4", "WindowsFormsApp4\WindowsFormsApp4.csproj", "{4A0CBA54-4A4F-4B74-BF44-FF6064FA0A70}"
EndProject
Global
	GlobalSection(SolutionConfigurationPlatforms) = preSolution
		Debug|Any CPU = Debug|Any CPU
		Release|Any CPU = Release|Any CPU
	EndGlobalSection
	GlobalSection(ProjectConfigurationPlatforms) = postSolution
		{4A0CBA54-4A4F-4B74-BF44-FF6064FA0A70}.Debug|Any CPU.ActiveCfg = Debug|Any CPU
		{4A0CBA54-4A4F-4B74-BF44-FF6064FA0A70}.Debug|Any CPU.Build.0 = Debug|Any CPU
		{4A0CBA54-4A4F-4B74-BF44-FF6064FA0A70}.Release|Any CPU.ActiveCfg = Release|Any CPU
		{4A0CBA54-4A4F-4B74-BF44-FF6064FA0A70}.Release|Any CPU.Build.0 = Release|Any CPU
	EndGlobalSection
	GlobalSection(SolutionProperties) = preSolution
		HideSolutionNode = FALSE
	EndGlobalSection
	GlobalSection(ExtensibilityGlobals) = postSolution
		SolutionGuid = {F8026F21-4DE6-4EB7-87DD-D77A3460E327}
	EndGlobalSection
EndGlobal
